
Microsoft Visual Studio Solution File, Format Version 12.00
# Visual Studio Version 17
VisualStudioVersion = 17.9.34616.47
MinimumVisualStudioVersion = 10.0.40219.1
Project("{FAE04EC0-301F-11D3-BF4B-00C04F79EFBC}") = "CalculateArea", "CalculateSquareTest\CalculateArea.csproj", "{270AD20E-1A15-4E93-9C0C-CF0EF4E65914}"
EndProject
Project("{FAE04EC0-301F-11D3-BF4B-00C04F79EFBC}") = "ShapesLibrary", "ShapesLibrary\ShapesLibrary.csproj", "{95286119-3056-4785-A9D8-429953E41A66}"
EndProject
Project("{FAE04EC0-301F-11D3-BF4B-00C04F79EFBC}") = "CalculateArea.Test", "CalculateArea.Test\CalculateArea.Test.csproj", "{7904A91D-3C3A-489F-87A5-39E996B21AA5}"
EndProject
Global
	GlobalSection(SolutionConfigurationPlatforms) = preSolution
		Debug|Any CPU = Debug|Any CPU
		Release|Any CPU = Release|Any CPU
	EndGlobalSection
	GlobalSection(ProjectConfigurationPlatforms) = postSolution
		{270AD20E-1A15-4E93-9C0C-CF0EF4E65914}.Debug|Any CPU.ActiveCfg = Debug|Any CPU
		{270AD20E-1A15-4E93-9C0C-CF0EF4E65914}.Debug|Any CPU.Build.0 = Debug|Any CPU
		{270AD20E-1A15-4E93-9C0C-CF0EF4E65914}.Release|Any CPU.ActiveCfg = Release|Any CPU
		{270AD20E-1A15-4E93-9C0C-CF0EF4E65914}.Release|Any CPU.Build.0 = Release|Any CPU
		{95286119-3056-4785-A9D8-429953E41A66}.Debug|Any CPU.ActiveCfg = Debug|Any CPU
		{95286119-3056-4785-A9D8-429953E41A66}.Debug|Any CPU.Build.0 = Debug|Any CPU
		{95286119-3056-4785-A9D8-429953E41A66}.Release|Any CPU.ActiveCfg = Release|Any CPU
		{95286119-3056-4785-A9D8-429953E41A66}.Release|Any CPU.Build.0 = Release|Any CPU
		{7904A91D-3C3A-489F-87A5-39E996B21AA5}.Debug|Any CPU.ActiveCfg = Debug|Any CPU
		{7904A91D-3C3A-489F-87A5-39E996B21AA5}.Debug|Any CPU.Build.0 = Debug|Any CPU
		{7904A91D-3C3A-489F-87A5-39E996B21AA5}.Release|Any CPU.ActiveCfg = Release|Any CPU
		{7904A91D-3C3A-489F-87A5-39E996B21AA5}.Release|Any CPU.Build.0 = Release|Any CPU
	EndGlobalSection
	GlobalSection(SolutionProperties) = preSolution
		HideSolutionNode = FALSE
	EndGlobalSection
	GlobalSection(ExtensibilityGlobals) = postSolution
		SolutionGuid = {227710CE-89EA-4ED9-BC7A-00E92A19FC0A}
	EndGlobalSection
EndGlobal
